
Microsoft Visual Studio Solution File, Format Version 12.00
# Visual Studio Version 17
VisualStudioVersion = 17.14.36616.10 d17.14
MinimumVisualStudioVersion = 10.0.40219.1
Project("{FAE04EC0-301F-11D3-BF4B-00C04F79EFBC}") = "Week_11_exercise", "Week_11_exercise.csproj", "{F27C7218-0DF1-43A8-B628-AA423D952844}"
EndProject
Global
	GlobalSection(SolutionConfigurationPlatforms) = preSolution
		Debug|Any CPU = Debug|Any CPU
		Release|Any CPU = Release|Any CPU
	EndGlobalSection
	GlobalSection(ProjectConfigurationPlatforms) = postSolution
		{F27C7218-0DF1-43A8-B628-AA423D952844}.Debug|Any CPU.ActiveCfg = Debug|Any CPU
		{F27C7218-0DF1-43A8-B628-AA423D952844}.Debug|Any CPU.Build.0 = Debug|Any CPU
		{F27C7218-0DF1-43A8-B628-AA423D952844}.Release|Any CPU.ActiveCfg = Release|Any CPU
		{F27C7218-0DF1-43A8-B628-AA423D952844}.Release|Any CPU.Build.0 = Release|Any CPU
	EndGlobalSection
	GlobalSection(SolutionProperties) = preSolution
		HideSolutionNode = FALSE
	EndGlobalSection
	GlobalSection(ExtensibilityGlobals) = postSolution
		SolutionGuid = {5034B18C-3B65-4C3F-A52F-BE6A87E2ECE4}
	EndGlobalSection
EndGlobal
